
Microsoft Visual Studio Solution File, Format Version 12.00
# Visual Studio Version 17
VisualStudioVersion = 17.5.002.0
MinimumVisualStudioVersion = 10.0.40219.1
Project("{9A19103F-16F7-4668-BE54-9A1E7A4F7556}") = "api", "api.csproj", "{B8BBD067-70F1-48FA-AB10-8F96ABD64F0F}"
EndProject
Global
	GlobalSection(SolutionConfigurationPlatforms) = preSolution
		Debug|Any CPU = Debug|Any CPU
		Release|Any CPU = Release|Any CPU
	EndGlobalSection
	GlobalSection(ProjectConfigurationPlatforms) = postSolution
		{B8BBD067-70F1-48FA-AB10-8F96ABD64F0F}.Debug|Any CPU.ActiveCfg = Debug|Any CPU
		{B8BBD067-70F1-48FA-AB10-8F96ABD64F0F}.Debug|Any CPU.Build.0 = Debug|Any CPU
		{B8BBD067-70F1-48FA-AB10-8F96ABD64F0F}.Release|Any CPU.ActiveCfg = Release|Any CPU
		{B8BBD067-70F1-48FA-AB10-8F96ABD64F0F}.Release|Any CPU.Build.0 = Release|Any CPU
	EndGlobalSection
	GlobalSection(SolutionProperties) = preSolution
		HideSolutionNode = FALSE
	EndGlobalSection
	GlobalSection(ExtensibilityGlobals) = postSolution
		SolutionGuid = {783C0458-41B5-4DB5-98E5-CD5DB4AB224B}
	EndGlobalSection
EndGlobal
